
Microsoft Visual Studio Solution File, Format Version 12.00
# Visual Studio 14
VisualStudioVersion = 14.0.25420.1
MinimumVisualStudioVersion = 10.0.40219.1
Project("{8BC9CEB8-8B4A-11D0-8D11-00A0C91BC942}") = "Tuan1", "Tuan1\Tuan1.vcxproj", "{5DEA4DED-C4B0-4215-B56B-6F5C8700A976}"
EndProject
Project("{8BC9CEB8-8B4A-11D0-8D11-00A0C91BC942}") = "Bai1", "Bai1\Bai1.vcxproj", "{7919785B-5DBC-43F0-80D5-4979608EEB9A}"
EndProject
Project("{8BC9CEB8-8B4A-11D0-8D11-00A0C91BC942}") = "Bai2", "Bai2\Bai2.vcxproj", "{6E2BF7AA-B424-4E45-8438-80A2A05C8BC5}"
EndProject
Project("{8BC9CEB8-8B4A-11D0-8D11-00A0C91BC942}") = "Bai3", "Bai3\Bai3.vcxproj", "{62435731-EA3F-49DB-BA3F-032D10C6CB84}"
EndProject
Project("{8BC9CEB8-8B4A-11D0-8D11-00A0C91BC942}") = "Bai4", "Bai4\Bai4.vcxproj", "{444E317D-99AE-4B24-921B-D3F45801BDFB}"
EndProject
Project("{8BC9CEB8-8B4A-11D0-8D11-00A0C91BC942}") = "Bai5", "Bai5\Bai5.vcxproj", "{B1C2B725-BCD7-4277-8441-ABBFF8FB5DF5}"
EndProject
Project("{8BC9CEB8-8B4A-11D0-8D11-00A0C91BC942}") = "Bai6", "Bai6\Bai6.vcxproj", "{97CB6B13-CFAB-4127-8B1B-2D987D5B41C8}"
EndProject
Project("{8BC9CEB8-8B4A-11D0-8D11-00A0C91BC942}") = "Bai7", "Bai7\Bai7.vcxproj", "{A8ECF6F1-4814-49EC-8544-95AFFF68E58A}"
EndProject
Project("{8BC9CEB8-8B4A-11D0-8D11-00A0C91BC942}") = "Bai8", "Bai8\Bai8.vcxproj", "{534B72C2-6B9F-4AFC-B8DD-CF8703611BF9}"
EndProject
Project("{8BC9CEB8-8B4A-11D0-8D11-00A0C91BC942}") = "Bai9", "Bai9\Bai9.vcxproj", "{C45B5D04-AB88-4716-A71A-B990B299F5CA}"
EndProject
Project("{8BC9CEB8-8B4A-11D0-8D11-00A0C91BC942}") = "Bai10", "Bai10\Bai10.vcxproj", "{2E9FF598-3B2E-47FB-9470-06BE7CEB4F4F}"
EndProject
Project("{8BC9CEB8-8B4A-11D0-8D11-00A0C91BC942}") = "Bai11", "Bai11\Bai11.vcxproj", "{B25D0C42-126B-429F-83A3-2B28D943AA46}"
EndProject
Project("{8BC9CEB8-8B4A-11D0-8D11-00A0C91BC942}") = "Bai12", "Bai12\Bai12.vcxproj", "{1BB20B2A-421A-444C-A758-D92236D169B5}"
EndProject
Project("{8BC9CEB8-8B4A-11D0-8D11-00A0C91BC942}") = "Bai13", "Bai13\Bai13.vcxproj", "{F8CA40CC-775A-4D3E-8E88-4F65915784E7}"
EndProject
Global
	GlobalSection(SolutionConfigurationPlatforms) = preSolution
		Debug|x64 = Debug|x64
		Debug|x86 = Debug|x86
		Release|x64 = Release|x64
		Release|x86 = Release|x86
	EndGlobalSection
	GlobalSection(ProjectConfigurationPlatforms) = postSolution
		{5DEA4DED-C4B0-4215-B56B-6F5C8700A976}.Debug|x64.ActiveCfg = Debug|x64
		{5DEA4DED-C4B0-4215-B56B-6F5C8700A976}.Debug|x64.Build.0 = Debug|x64
		{5DEA4DED-C4B0-4215-B56B-6F5C8700A976}.Debug|x86.ActiveCfg = Debug|Win32
		{5DEA4DED-C4B0-4215-B56B-6F5C8700A976}.Debug|x86.Build.0 = Debug|Win32
		{5DEA4DED-C4B0-4215-B56B-6F5C8700A976}.Release|x64.ActiveCfg = Release|x64
		{5DEA4DED-C4B0-4215-B56B-6F5C8700A976}.Release|x64.Build.0 = Release|x64
		{5DEA4DED-C4B0-4215-B56B-6F5C8700A976}.Release|x86.ActiveCfg = Release|Win32
		{5DEA4DED-C4B0-4215-B56B-6F5C8700A976}.Release|x86.Build.0 = Release|Win32
		{7919785B-5DBC-43F0-80D5-4979608EEB9A}.Debug|x64.ActiveCfg = Debug|x64
		{7919785B-5DBC-43F0-80D5-4979608EEB9A}.Debug|x64.Build.0 = Debug|x64
		{7919785B-5DBC-43F0-80D5-4979608EEB9A}.Debug|x86.ActiveCfg = Debug|Win32
		{7919785B-5DBC-43F0-80D5-4979608EEB9A}.Debug|x86.Build.0 = Debug|Win32
		{7919785B-5DBC-43F0-80D5-4979608EEB9A}.Release|x64.ActiveCfg = Release|x64
		{7919785B-5DBC-43F0-80D5-4979608EEB9A}.Release|x64.Build.0 = Release|x64
		{7919785B-5DBC-43F0-80D5-4979608EEB9A}.Release|x86.ActiveCfg = Release|Win32
		{7919785B-5DBC-43F0-80D5-4979608EEB9A}.Release|x86.Build.0 = Release|Win32
		{6E2BF7AA-B424-4E45-8438-80A2A05C8BC5}.Debug|x64.ActiveCfg = Debug|x64
		{6E2BF7AA-B424-4E45-8438-80A2A05C8BC5}.Debug|x64.Build.0 = Debug|x64
		{6E2BF7AA-B424-4E45-8438-80A2A05C8BC5}.Debug|x86.ActiveCfg = Debug|Win32
		{6E2BF7AA-B424-4E45-8438-80A2A05C8BC5}.Debug|x86.Build.0 = Debug|Win32
		{6E2BF7AA-B424-4E45-8438-80A2A05C8BC5}.Release|x64.ActiveCfg = Release|x64
		{6E2BF7AA-B424-4E45-8438-80A2A05C8BC5}.Release|x64.Build.0 = Release|x64
		{6E2BF7AA-B424-4E45-8438-80A2A05C8BC5}.Release|x86.ActiveCfg = Release|Win32
		{6E2BF7AA-B424-4E45-8438-80A2A05C8BC5}.Release|x86.Build.0 = Release|Win32
		{62435731-EA3F-49DB-BA3F-032D10C6CB84}.Debug|x64.ActiveCfg = Debug|x64
		{62435731-EA3F-49DB-BA3F-032D10C6CB84}.Debug|x64.Build.0 = Debug|x64
		{62435731-EA3F-49DB-BA3F-032D10C6CB84}.Debug|x86.ActiveCfg = Debug|Win32
		{62435731-EA3F-49DB-BA3F-032D10C6CB84}.Debug|x86.Build.0 = Debug|Win32
		{62435731-EA3F-49DB-BA3F-032D10C6CB84}.Release|x64.ActiveCfg = Release|x64
		{62435731-EA3F-49DB-BA3F-032D10C6CB84}.Release|x64.Build.0 = Release|x64
		{62435731-EA3F-49DB-BA3F-032D10C6CB84}.Release|x86.ActiveCfg = Release|Win32
		{62435731-EA3F-49DB-BA3F-032D10C6CB84}.Release|x86.Build.0 = Release|Win32
		{444E317D-99AE-4B24-921B-D3F45801BDFB}.Debug|x64.ActiveCfg = Debug|x64
		{444E317D-99AE-4B24-921B-D3F45801BDFB}.Debug|x64.Build.0 = Debug|x64
		{444E317D-99AE-4B24-921B-D3F45801BDFB}.Debug|x86.ActiveCfg = Debug|Win32
		{444E317D-99AE-4B24-921B-D3F45801BDFB}.Debug|x86.Build.0 = Debug|Win32
		{444E317D-99AE-4B24-921B-D3F45801BDFB}.Release|x64.ActiveCfg = Release|x64
		{444E317D-99AE-4B24-921B-D3F45801BDFB}.Release|x64.Build.0 = Release|x64
		{444E317D-99AE-4B24-921B-D3F45801BDFB}.Release|x86.ActiveCfg = Release|Win32
		{444E317D-99AE-4B24-921B-D3F45801BDFB}.Release|x86.Build.0 = Release|Win32
		{B1C2B725-BCD7-4277-8441-ABBFF8FB5DF5}.Debug|x64.ActiveCfg = Debug|x64
		{B1C2B725-BCD7-4277-8441-ABBFF8FB5DF5}.Debug|x64.Build.0 = Debug|x64
		{B1C2B725-BCD7-4277-8441-ABBFF8FB5DF5}.Debug|x86.ActiveCfg = Debug|Win32
		{B1C2B725-BCD7-4277-8441-ABBFF8FB5DF5}.Debug|x86.Build.0 = Debug|Win32
		{B1C2B725-BCD7-4277-8441-ABBFF8FB5DF5}.Release|x64.ActiveCfg = Release|x64
		{B1C2B725-BCD7-4277-8441-ABBFF8FB5DF5}.Release|x64.Build.0 = Release|x64
		{B1C2B725-BCD7-4277-8441-ABBFF8FB5DF5}.Release|x86.ActiveCfg = Release|Win32
		{B1C2B725-BCD7-4277-8441-ABBFF8FB5DF5}.Release|x86.Build.0 = Release|Win32
		{97CB6B13-CFAB-4127-8B1B-2D987D5B41C8}.Debug|x64.ActiveCfg = Debug|x64
		{97CB6B13-CFAB-4127-8B1B-2D987D5B41C8}.Debug|x64.Build.0 = Debug|x64
		{97CB6B13-CFAB-4127-8B1B-2D987D5B41C8}.Debug|x86.ActiveCfg = Debug|Win32
		{97CB6B13-CFAB-4127-8B1B-2D987D5B41C8}.Debug|x86.Build.0 = Debug|Win32
		{97CB6B13-CFAB-4127-8B1B-2D987D5B41C8}.Release|x64.ActiveCfg = Release|x64
		{97CB6B13-CFAB-4127-8B1B-2D987D5B41C8}.Release|x64.Build.0 = Release|x64
		{97CB6B13-CFAB-4127-8B1B-2D987D5B41C8}.Release|x86.ActiveCfg = Release|Win32
		{97CB6B13-CFAB-4127-8B1B-2D987D5B41C8}.Release|x86.Build.0 = Release|Win32
		{A8ECF6F1-4814-49EC-8544-95AFFF68E58A}.Debug|x64.ActiveCfg = Debug|x64
		{A8ECF6F1-4814-49EC-8544-95AFFF68E58A}.Debug|x64.Build.0 = Debug|x64
		{A8ECF6F1-4814-49EC-8544-95AFFF68E58A}.Debug|x86.ActiveCfg = Debug|Win32
		{A8ECF6F1-4814-49EC-8544-95AFFF68E58A}.Debug|x86.Build.0 = Debug|Win32
		{A8ECF6F1-4814-49EC-8544-95AFFF68E58A}.Release|x64.ActiveCfg = Release|x64
		{A8ECF6F1-4814-49EC-8544-95AFFF68E58A}.Release|x64.Build.0 = Release|x64
		{A8ECF6F1-4814-49EC-8544-95AFFF68E58A}.Release|x86.ActiveCfg = Release|Win32
		{A8ECF6F1-4814-49EC-8544-95AFFF68E58A}.Release|x86.Build.0 = Release|Win32
		{534B72C2-6B9F-4AFC-B8DD-CF8703611BF9}.Debug|x64.ActiveCfg = Debug|x64
		{534B72C2-6B9F-4AFC-B8DD-CF8703611BF9}.Debug|x64.Build.0 = Debug|x64
		{534B72C2-6B9F-4AFC-B8DD-CF8703611BF9}.Debug|x86.ActiveCfg = Debug|Win32
		{534B72C2-6B9F-4AFC-B8DD-CF8703611BF9}.Debug|x86.Build.0 = Debug|Win32
		{534B72C2-6B9F-4AFC-B8DD-CF8703611BF9}.Release|x64.ActiveCfg = Release|x64
		{534B72C2-6B9F-4AFC-B8DD-CF8703611BF9}.Release|x64.Build.0 = Release|x64
		{534B72C2-6B9F-4AFC-B8DD-CF8703611BF9}.Release|x86.ActiveCfg = Release|Win32
		{534B72C2-6B9F-4AFC-B8DD-CF8703611BF9}.Release|x86.Build.0 = Release|Win32
		{C45B5D04-AB88-4716-A71A-B990B299F5CA}.Debug|x64.ActiveCfg = Debug|x64
		{C45B5D04-AB88-4716-A71A-B990B299F5CA}.Debug|x64.Build.0 = Debug|x64
		{C45B5D04-AB88-4716-A71A-B990B299F5CA}.Debug|x86.ActiveCfg = Debug|Win32
		{C45B5D04-AB88-4716-A71A-B990B299F5CA}.Debug|x86.Build.0 = Debug|Win32
		{C45B5D04-AB88-4716-A71A-B990B299F5CA}.Release|x64.ActiveCfg = Release|x64
		{C45B5D04-AB88-4716-A71A-B990B299F5CA}.Release|x64.Build.0 = Release|x64
		{C45B5D04-AB88-4716-A71A-B990B299F5CA}.Release|x86.ActiveCfg = Release|Win32
		{C45B5D04-AB88-4716-A71A-B990B299F5CA}.Release|x86.Build.0 = Release|Win32
		{2E9FF598-3B2E-47FB-9470-06BE7CEB4F4F}.Debug|x64.ActiveCfg = Debug|x64
		{2E9FF598-3B2E-47FB-9470-06BE7CEB4F4F}.Debug|x64.Build.0 = Debug|x64
		{2E9FF598-3B2E-47FB-9470-06BE7CEB4F4F}.Debug|x86.ActiveCfg = Debug|Win32
		{2E9FF598-3B2E-47FB-9470-06BE7CEB4F4F}.Debug|x86.Build.0 = Debug|Win32
		{2E9FF598-3B2E-47FB-9470-06BE7CEB4F4F}.Release|x64.ActiveCfg = Release|x64
		{2E9FF598-3B2E-47FB-9470-06BE7CEB4F4F}.Release|x64.Build.0 = Release|x64
		{2E9FF598-3B2E-47FB-9470-06BE7CEB4F4F}.Release|x86.ActiveCfg = Release|Win32
		{2E9FF598-3B2E-47FB-9470-06BE7CEB4F4F}.Release|x86.Build.0 = Release|Win32
		{B25D0C42-126B-429F-83A3-2B28D943AA46}.Debug|x64.ActiveCfg = Debug|x64
		{B25D0C42-126B-429F-83A3-2B28D943AA46}.Debug|x64.Build.0 = Debug|x64
		{B25D0C42-126B-429F-83A3-2B28D943AA46}.Debug|x86.ActiveCfg = Debug|Win32
		{B25D0C42-126B-429F-83A3-2B28D943AA46}.Debug|x86.Build.0 = Debug|Win32
		{B25D0C42-126B-429F-83A3-2B28D943AA46}.Release|x64.ActiveCfg = Release|x64
		{B25D0C42-126B-429F-83A3-2B28D943AA46}.Release|x64.Build.0 = Release|x64
		{B25D0C42-126B-429F-83A3-2B28D943AA46}.Release|x86.ActiveCfg = Release|Win32
		{B25D0C42-126B-429F-83A3-2B28D943AA46}.Release|x86.Build.0 = Release|Win32
		{1BB20B2A-421A-444C-A758-D92236D169B5}.Debug|x64.ActiveCfg = Debug|x64
		{1BB20B2A-421A-444C-A758-D92236D169B5}.Debug|x64.Build.0 = Debug|x64
		{1BB20B2A-421A-444C-A758-D92236D169B5}.Debug|x86.ActiveCfg = Debug|Win32
		{1BB20B2A-421A-444C-A758-D92236D169B5}.Debug|x86.Build.0 = Debug|Win32
		{1BB20B2A-421A-444C-A758-D92236D169B5}.Release|x64.ActiveCfg = Release|x64
		{1BB20B2A-421A-444C-A758-D92236D169B5}.Release|x64.Build.0 = Release|x64
		{1BB20B2A-421A-444C-A758-D92236D169B5}.Release|x86.ActiveCfg = Release|Win32
		{1BB20B2A-421A-444C-A758-D92236D169B5}.Release|x86.Build.0 = Release|Win32
		{F8CA40CC-775A-4D3E-8E88-4F65915784E7}.Debug|x64.ActiveCfg = Debug|x64
		{F8CA40CC-775A-4D3E-8E88-4F65915784E7}.Debug|x64.Build.0 = Debug|x64
		{F8CA40CC-775A-4D3E-8E88-4F65915784E7}.Debug|x86.ActiveCfg = Debug|Win32
		{F8CA40CC-775A-4D3E-8E88-4F65915784E7}.Debug|x86.Build.0 = Debug|Win32
		{F8CA40CC-775A-4D3E-8E88-4F65915784E7}.Release|x64.ActiveCfg = Release|x64
		{F8CA40CC-775A-4D3E-8E88-4F65915784E7}.Release|x64.Build.0 = Release|x64
		{F8CA40CC-775A-4D3E-8E88-4F65915784E7}.Release|x86.ActiveCfg = Release|Win32
		{F8CA40CC-775A-4D3E-8E88-4F65915784E7}.Release|x86.Build.0 = Release|Win32
	EndGlobalSection
	GlobalSection(SolutionProperties) = preSolution
		HideSolutionNode = FALSE
	EndGlobalSection
EndGlobal
